schema: '2.0'
stages:
  train:
    cmd: python src/train.py
    deps:
    - path: data/fashion_mnist_data.pkl
      hash: md5
      md5: 35353c71da0985eed8bb507bbc53bd91
      size: 54950285
    - path: src/train.py
      hash: md5
      md5: 6de306d88a7ae9b7c44d7873c4dd5e97
      size: 3167
    params:
      params.yaml:
        train.batch_size: 128
        train.dropout: 0.45
        train.hidden_units: 64
        train.lr: 0.001
        train.num_epochs: 3
    outs:
    - path: dvclive/metrics.json
      hash: md5
      md5: 244f7ef9d2e49a91d68a62b42da2d3a1
      size: 54
    - path: dvclive/plots/metrics/accuracy.tsv
      hash: md5
      md5: 734218721dc7e617c294e5c4318654b1
      size: 77
    - path: output/fm_model
      hash: md5
      md5: 4996b119ccbe206857c29ddce1fc2543.dir
      size: 3782871
      nfiles: 4
    - path: output/train_logs.csv
      hash: md5
      md5: 6db63d0815cab10d53b30acd2c1b9aa0
      size: 142
  evaluate:
    cmd: python src/evaluate.py
    deps:
    - path: data/fashion_mnist_data.pkl
      hash: md5
      md5: 35353c71da0985eed8bb507bbc53bd91
      size: 54950285
    - path: output/fm_model
      hash: md5
      md5: 4996b119ccbe206857c29ddce1fc2543.dir
      size: 3782871
      nfiles: 4
    - path: src/evaluate.py
      hash: md5
      md5: cca081b957cf8396d8b1526d7734952c
      size: 3040
    outs:
    - path: output/metrics.json
      hash: md5
      md5: e60652a76435c9267b20b258d75a643b
      size: 60
    - path: output/predictions.json
      hash: md5
      md5: ea97fac76326155a378c79ab1585f247
      size: 310000
    - path: output/test/samples_of_mispredicted_images/
      hash: md5
      md5: f6a9240a81d43a6d0e155dc306cf2402.dir
      size: 174044
      nfiles: 10
